
Microsoft Visual Studio Solution File, Format Version 12.00
# Visual Studio Version 17
VisualStudioVersion = 17.1.32104.313
MinimumVisualStudioVersion = 10.0.40219.1
Project("{9A19103F-16F7-4668-BE54-9A1E7A4F7556}") = "FullStack", "FullStack\FullStack.csproj", "{ADEF0024-E7AC-42B8-A919-60E3B993143D}"
EndProject
Project("{9A19103F-16F7-4668-BE54-9A1E7A4F7556}") = "FullStack.BL", "FullStack.BL\FullStack.BL.csproj", "{BEC61C83-1C5D-4429-9219-7B7CD4C62948}"
EndProject
Project("{9A19103F-16F7-4668-BE54-9A1E7A4F7556}") = "FullStack.Domain", "FullStack.Domain\FullStack.Domain.csproj", "{AC285667-ADA6-45DE-9793-C149F1A6F8C0}"
EndProject
Project("{9A19103F-16F7-4668-BE54-9A1E7A4F7556}") = "FullStack.DAL", "FullStack.DAL\FullStack.DAL.csproj", "{0A372BA7-4057-41F4-BFEF-A12EFBB93987}"
EndProject
Global
	GlobalSection(SolutionConfigurationPlatforms) = preSolution
		Debug|Any CPU = Debug|Any CPU
		Release|Any CPU = Release|Any CPU
	EndGlobalSection
	GlobalSection(ProjectConfigurationPlatforms) = postSolution
		{ADEF0024-E7AC-42B8-A919-60E3B993143D}.Debug|Any CPU.ActiveCfg = Debug|Any CPU
		{ADEF0024-E7AC-42B8-A919-60E3B993143D}.Debug|Any CPU.Build.0 = Debug|Any CPU
		{ADEF0024-E7AC-42B8-A919-60E3B993143D}.Release|Any CPU.ActiveCfg = Release|Any CPU
		{ADEF0024-E7AC-42B8-A919-60E3B993143D}.Release|Any CPU.Build.0 = Release|Any CPU
		{BEC61C83-1C5D-4429-9219-7B7CD4C62948}.Debug|Any CPU.ActiveCfg = Debug|Any CPU
		{BEC61C83-1C5D-4429-9219-7B7CD4C62948}.Debug|Any CPU.Build.0 = Debug|Any CPU
		{BEC61C83-1C5D-4429-9219-7B7CD4C62948}.Release|Any CPU.ActiveCfg = Release|Any CPU
		{BEC61C83-1C5D-4429-9219-7B7CD4C62948}.Release|Any CPU.Build.0 = Release|Any CPU
		{AC285667-ADA6-45DE-9793-C149F1A6F8C0}.Debug|Any CPU.ActiveCfg = Debug|Any CPU
		{AC285667-ADA6-45DE-9793-C149F1A6F8C0}.Debug|Any CPU.Build.0 = Debug|Any CPU
		{AC285667-ADA6-45DE-9793-C149F1A6F8C0}.Release|Any CPU.ActiveCfg = Release|Any CPU
		{AC285667-ADA6-45DE-9793-C149F1A6F8C0}.Release|Any CPU.Build.0 = Release|Any CPU
		{0A372BA7-4057-41F4-BFEF-A12EFBB93987}.Debug|Any CPU.ActiveCfg = Debug|Any CPU
		{0A372BA7-4057-41F4-BFEF-A12EFBB93987}.Debug|Any CPU.Build.0 = Debug|Any CPU
		{0A372BA7-4057-41F4-BFEF-A12EFBB93987}.Release|Any CPU.ActiveCfg = Release|Any CPU
		{0A372BA7-4057-41F4-BFEF-A12EFBB93987}.Release|Any CPU.Build.0 = Release|Any CPU
	EndGlobalSection
	GlobalSection(SolutionProperties) = preSolution
		HideSolutionNode = FALSE
	EndGlobalSection
	GlobalSection(ExtensibilityGlobals) = postSolution
		SolutionGuid = {C6207A7C-B995-447B-8018-761DFAC3B2ED}
	EndGlobalSection
EndGlobal
